
Microsoft Visual Studio Solution File, Format Version 12.00
# Visual Studio Version 17
VisualStudioVersion = 17.11.35303.130
MinimumVisualStudioVersion = 10.0.40219.1
Project("{FAE04EC0-301F-11D3-BF4B-00C04F79EFBC}") = "PedidosApp", "PedidosApp\PedidosApp.csproj", "{02733C4C-9A56-4DE1-B0A7-3C4AE3E0E3BF}"
EndProject
Global
	GlobalSection(SolutionConfigurationPlatforms) = preSolution
		Debug|Any CPU = Debug|Any CPU
		Release|Any CPU = Release|Any CPU
	EndGlobalSection
	GlobalSection(ProjectConfigurationPlatforms) = postSolution
		{02733C4C-9A56-4DE1-B0A7-3C4AE3E0E3BF}.Debug|Any CPU.ActiveCfg = Debug|Any CPU
		{02733C4C-9A56-4DE1-B0A7-3C4AE3E0E3BF}.Debug|Any CPU.Build.0 = Debug|Any CPU
		{02733C4C-9A56-4DE1-B0A7-3C4AE3E0E3BF}.Release|Any CPU.ActiveCfg = Release|Any CPU
		{02733C4C-9A56-4DE1-B0A7-3C4AE3E0E3BF}.Release|Any CPU.Build.0 = Release|Any CPU
	EndGlobalSection
	GlobalSection(SolutionProperties) = preSolution
		HideSolutionNode = FALSE
	EndGlobalSection
	GlobalSection(ExtensibilityGlobals) = postSolution
		SolutionGuid = {0BFB878A-259D-44C3-BFEB-00B113A8938D}
	EndGlobalSection
EndGlobal
